
Microsoft Visual Studio Solution File, Format Version 12.00
# Visual Studio Version 17
VisualStudioVersion = 17.10.34928.147
MinimumVisualStudioVersion = 10.0.40219.1
Project("{FAE04EC0-301F-11D3-BF4B-00C04F79EFBC}") = "Twitter", "Twitter.csproj", "{BB5BEA84-1CD5-43E6-B6EE-8EBFF6DDAD10}"
EndProject
Global
	GlobalSection(SolutionConfigurationPlatforms) = preSolution
		Debug|Any CPU = Debug|Any CPU
		Release|Any CPU = Release|Any CPU
	EndGlobalSection
	GlobalSection(ProjectConfigurationPlatforms) = postSolution
		{BB5BEA84-1CD5-43E6-B6EE-8EBFF6DDAD10}.Debug|Any CPU.ActiveCfg = Debug|Any CPU
		{BB5BEA84-1CD5-43E6-B6EE-8EBFF6DDAD10}.Debug|Any CPU.Build.0 = Debug|Any CPU
		{BB5BEA84-1CD5-43E6-B6EE-8EBFF6DDAD10}.Release|Any CPU.ActiveCfg = Release|Any CPU
		{BB5BEA84-1CD5-43E6-B6EE-8EBFF6DDAD10}.Release|Any CPU.Build.0 = Release|Any CPU
	EndGlobalSection
	GlobalSection(SolutionProperties) = preSolution
		HideSolutionNode = FALSE
	EndGlobalSection
	GlobalSection(ExtensibilityGlobals) = postSolution
		SolutionGuid = {9B048315-4D3A-4F9D-9B10-7CD2FFC0F5DF}
	EndGlobalSection
EndGlobal
